
Microsoft Visual Studio Solution File, Format Version 12.00
# Visual Studio 2013
VisualStudioVersion = 12.0.21005.1
MinimumVisualStudioVersion = 10.0.40219.1
Project("{8BC9CEB8-8B4A-11D0-8D11-00A0C91BC942}") = "D7P33", "D7P33\D7P33.vcxproj", "{18EFA689-8FC0-46E6-BB42-C70D260F94FF}"
EndProject
Global
	GlobalSection(SolutionConfigurationPlatforms) = preSolution
		Debug|Win32 = Debug|Win32
		Release|Win32 = Release|Win32
	EndGlobalSection
	GlobalSection(ProjectConfigurationPlatforms) = postSolution
		{18EFA689-8FC0-46E6-BB42-C70D260F94FF}.Debug|Win32.ActiveCfg = Debug|Win32
		{18EFA689-8FC0-46E6-BB42-C70D260F94FF}.Debug|Win32.Build.0 = Debug|Win32
		{18EFA689-8FC0-46E6-BB42-C70D260F94FF}.Release|Win32.ActiveCfg = Release|Win32
		{18EFA689-8FC0-46E6-BB42-C70D260F94FF}.Release|Win32.Build.0 = Release|Win32
	EndGlobalSection
	GlobalSection(SolutionProperties) = preSolution
		HideSolutionNode = FALSE
	EndGlobalSection
EndGlobal
